// !$*UTF8*$!
{
	archiveVersion = 1;
	classes = {
	};
	objectVersion = 55;
	objects = {

/* Begin PBXBuildFile section */
		6D53955527DB606400CE3C35 /* AppDelegate.swift in Sources */ = {isa = PBXBuildFile; fileRef = 6D53955427DB606400CE3C35 /* AppDelegate.swift */; };
		6D53955727DB606400CE3C35 /* SceneDelegate.swift in Sources */ = {isa = PBXBuildFile; fileRef = 6D53955627DB606400CE3C35 /* SceneDelegate.swift */; };
		6D53955E27DB606400CE3C35 /* Assets.xcassets in Resources */ = {isa = PBXBuildFile; fileRef = 6D53955D27DB606400CE3C35 /* Assets.xcassets */; };
		6D53956127DB606400CE3C35 /* LaunchScreen.storyboard in Resources */ = {isa = PBXBuildFile; fileRef = 6D53955F27DB606400CE3C35 /* LaunchScreen.storyboard */; };
		6D53956F27DB633300CE3C35 /* HomeViewController.swift in Sources */ = {isa = PBXBuildFile; fileRef = 6D53956E27DB633300CE3C35 /* HomeViewController.swift */; };
		6D53957127DB68B400CE3C35 /* PhotoFeedResult.swift in Sources */ = {isa = PBXBuildFile; fileRef = 6D53957027DB68B400CE3C35 /* PhotoFeedResult.swift */; };
		6D53957327DB693300CE3C35 /* Photo.swift in Sources */ = {isa = PBXBuildFile; fileRef = 6D53957227DB693300CE3C35 /* Photo.swift */; };
		6D53957527DB6A4800CE3C35 /* PhotoSize.swift in Sources */ = {isa = PBXBuildFile; fileRef = 6D53957427DB6A4800CE3C35 /* PhotoSize.swift */; };
		6D53957727DB6B0500CE3C35 /* Endpoint.swift in Sources */ = {isa = PBXBuildFile; fileRef = 6D53957627DB6B0500CE3C35 /* Endpoint.swift */; };
		6D53957927DB6BEA00CE3C35 /* API.swift in Sources */ = {isa = PBXBuildFile; fileRef = 6D53957827DB6BEA00CE3C35 /* API.swift */; };
		6D53957B27DB6E7A00CE3C35 /* PhotoFeed.swift in Sources */ = {isa = PBXBuildFile; fileRef = 6D53957A27DB6E7A00CE3C35 /* PhotoFeed.swift */; };
		6D53957D27DB77D500CE3C35 /* Result.swift in Sources */ = {isa = PBXBuildFile; fileRef = 6D53957C27DB77D500CE3C35 /* Result.swift */; };
		6D53957F27DB783200CE3C35 /* APIError.swift in Sources */ = {isa = PBXBuildFile; fileRef = 6D53957E27DB783200CE3C35 /* APIError.swift */; };
		6D53958127DB79FA00CE3C35 /* APIClient.swift in Sources */ = {isa = PBXBuildFile; fileRef = 6D53958027DB79FA00CE3C35 /* APIClient.swift */; };
		6DDB8DAC27E065F000E2F6B5 /* PixelsClient.swift in Sources */ = {isa = PBXBuildFile; fileRef = 6DDB8DAB27E065F000E2F6B5 /* PixelsClient.swift */; };
		6DDB8DAE27E0691E00E2F6B5 /* PhotoListViewModel.swift in Sources */ = {isa = PBXBuildFile; fileRef = 6DDB8DAD27E0691E00E2F6B5 /* PhotoListViewModel.swift */; };
		6DDB8DB027E06D7300E2F6B5 /* PhotoListView.swift in Sources */ = {isa = PBXBuildFile; fileRef = 6DDB8DAF27E06D7300E2F6B5 /* PhotoListView.swift */; };
		6DDB8DB227E0719200E2F6B5 /* PhotoCell.swift in Sources */ = {isa = PBXBuildFile; fileRef = 6DDB8DB127E0719200E2F6B5 /* PhotoCell.swift */; };
		6DDB8DB427E07C9A00E2F6B5 /* ImageLoader.swift in Sources */ = {isa = PBXBuildFile; fileRef = 6DDB8DB327E07C9A00E2F6B5 /* ImageLoader.swift */; };
		6DDB8DB627E0855200E2F6B5 /* DetailViewController.swift in Sources */ = {isa = PBXBuildFile; fileRef = 6DDB8DB527E0855200E2F6B5 /* DetailViewController.swift */; };
/* End PBXBuildFile section */

/* Begin PBXFileReference section */
		6D53955127DB606400CE3C35 /* PhotoAPI.app */ = {isa = PBXFileReference; explicitFileType = wrapper.application; includeInIndex = 0; path = PhotoAPI.app; sourceTree = BUILT_PRODUCTS_DIR; };
		6D53955427DB606400CE3C35 /* AppDelegate.swift */ = {isa = PBXFileReference; lastKnownFileType = sourcecode.swift; path = AppDelegate.swift; sourceTree = "<group>"; };
		6D53955627DB606400CE3C35 /* SceneDelegate.swift */ = {isa = PBXFileReference; lastKnownFileType = sourcecode.swift; path = SceneDelegate.swift; sourceTree = "<group>"; };
		6D53955D27DB606400CE3C35 /* Assets.xcassets */ = {isa = PBXFileReference; lastKnownFileType = folder.assetcatalog; path = Assets.xcassets; sourceTree = "<group>"; };
		6D53956027DB606400CE3C35 /* Base */ = {isa = PBXFileReference; lastKnownFileType = file.storyboard; name = Base; path = Base.lproj/LaunchScreen.storyboard; sourceTree = "<group>"; };
		6D53956227DB606400CE3C35 /* Info.plist */ = {isa = PBXFileReference; lastKnownFileType = text.plist.xml; path = Info.plist; sourceTree = "<group>"; };
		6D53956E27DB633300CE3C35 /* HomeViewController.swift */ = {isa = PBXFileReference; lastKnownFileType = sourcecode.swift; path = HomeViewController.swift; sourceTree = "<group>"; };
		6D53957027DB68B400CE3C35 /* PhotoFeedResult.swift */ = {isa = PBXFileReference; lastKnownFileType = sourcecode.swift; path = PhotoFeedResult.swift; sourceTree = "<group>"; };
		6D53957227DB693300CE3C35 /* Photo.swift */ = {isa = PBXFileReference; lastKnownFileType = sourcecode.swift; path = Photo.swift; sourceTree = "<group>"; };
		6D53957427DB6A4800CE3C35 /* PhotoSize.swift */ = {isa = PBXFileReference; lastKnownFileType = sourcecode.swift; path = PhotoSize.swift; sourceTree = "<group>"; };
		6D53957627DB6B0500CE3C35 /* Endpoint.swift */ = {isa = PBXFileReference; lastKnownFileType = sourcecode.swift; path = Endpoint.swift; sourceTree = "<group>"; };
		6D53957827DB6BEA00CE3C35 /* API.swift */ = {isa = PBXFileReference; lastKnownFileType = sourcecode.swift; path = API.swift; sourceTree = "<group>"; };
		6D53957A27DB6E7A00CE3C35 /* PhotoFeed.swift */ = {isa = PBXFileReference; lastKnownFileType = sourcecode.swift; path = PhotoFeed.swift; sourceTree = "<group>"; };
		6D53957C27DB77D500CE3C35 /* Result.swift */ = {isa = PBXFileReference; lastKnownFileType = sourcecode.swift; path = Result.swift; sourceTree = "<group>"; };
		6D53957E27DB783200CE3C35 /* APIError.swift */ = {isa = PBXFileReference; lastKnownFileType = sourcecode.swift; path = APIError.swift; sourceTree = "<group>"; };
		6D53958027DB79FA00CE3C35 /* APIClient.swift */ = {isa = PBXFileReference; lastKnownFileType = sourcecode.swift; path = APIClient.swift; sourceTree = "<group>"; };
		6DDB8DAB27E065F000E2F6B5 /* PixelsClient.swift */ = {isa = PBXFileReference; lastKnownFileType = sourcecode.swift; path = PixelsClient.swift; sourceTree = "<group>"; };
		6DDB8DAD27E0691E00E2F6B5 /* PhotoListViewModel.swift */ = {isa = PBXFileReference; lastKnownFileType = sourcecode.swift; path = PhotoListViewModel.swift; sourceTree = "<group>"; };
		6DDB8DAF27E06D7300E2F6B5 /* PhotoListView.swift */ = {isa = PBXFileReference; lastKnownFileType = sourcecode.swift; path = PhotoListView.swift; sourceTree = "<group>"; };
		6DDB8DB127E0719200E2F6B5 /* PhotoCell.swift */ = {isa = PBXFileReference; lastKnownFileType = sourcecode.swift; path = PhotoCell.swift; sourceTree = "<group>"; };
		6DDB8DB327E07C9A00E2F6B5 /* ImageLoader.swift */ = {isa = PBXFileReference; lastKnownFileType = sourcecode.swift; path = ImageLoader.swift; sourceTree = "<group>"; };
		6DDB8DB527E0855200E2F6B5 /* DetailViewController.swift */ = {isa = PBXFileReference; lastKnownFileType = sourcecode.swift; path = DetailViewController.swift; sourceTree = "<group>"; };
/* End PBXFileReference section */

/* Begin PBXFrameworksBuildPhase section */
		6D53954E27DB606400CE3C35 /* Frameworks */ = {
			isa = PBXFrameworksBuildPhase;
			buildActionMask = 2147483647;
			files = (
			);
			runOnlyForDeploymentPostprocessing = 0;
		};
/* End PBXFrameworksBuildPhase section */

/* Begin PBXGroup section */
		6D53954827DB606400CE3C35 = {
			isa = PBXGroup;
			children = (
				6D53955327DB606400CE3C35 /* PhotoAPI */,
				6D53955227DB606400CE3C35 /* Products */,
			);
			sourceTree = "<group>";
		};
		6D53955227DB606400CE3C35 /* Products */ = {
			isa = PBXGroup;
			children = (
				6D53955127DB606400CE3C35 /* PhotoAPI.app */,
			);
			name = Products;
			sourceTree = "<group>";
		};
		6D53955327DB606400CE3C35 /* PhotoAPI */ = {
			isa = PBXGroup;
			children = (
				6D53956C27DB628F00CE3C35 /* Networking */,
				6D53956B27DB627C00CE3C35 /* ViewModels */,
				6D53956A27DB626900CE3C35 /* Models */,
				6D53956927DB625D00CE3C35 /* Views */,
				6D53956827DB624C00CE3C35 /* Controllers */,
				6D53956D27DB62E100CE3C35 /* SupportFiles */,
				6D53956227DB606400CE3C35 /* Info.plist */,
			);
			path = PhotoAPI;
			sourceTree = "<group>";
		};
		6D53956827DB624C00CE3C35 /* Controllers */ = {
			isa = PBXGroup;
			children = (
				6D53956E27DB633300CE3C35 /* HomeViewController.swift */,
				6DDB8DB527E0855200E2F6B5 /* DetailViewController.swift */,
			);
			path = Controllers;
			sourceTree = "<group>";
		};
		6D53956927DB625D00CE3C35 /* Views */ = {
			isa = PBXGroup;
			children = (
				6DDB8DAF27E06D7300E2F6B5 /* PhotoListView.swift */,
				6DDB8DB127E0719200E2F6B5 /* PhotoCell.swift */,
			);
			path = Views;
			sourceTree = "<group>";
		};
		6D53956A27DB626900CE3C35 /* Models */ = {
			isa = PBXGroup;
			children = (
				6D53957027DB68B400CE3C35 /* PhotoFeedResult.swift */,
				6D53957227DB693300CE3C35 /* Photo.swift */,
				6D53957427DB6A4800CE3C35 /* PhotoSize.swift */,
				6D53957A27DB6E7A00CE3C35 /* PhotoFeed.swift */,
			);
			path = Models;
			sourceTree = "<group>";
		};
		6D53956B27DB627C00CE3C35 /* ViewModels */ = {
			isa = PBXGroup;
			children = (
				6DDB8DAD27E0691E00E2F6B5 /* PhotoListViewModel.swift */,
			);
			path = ViewModels;
			sourceTree = "<group>";
		};
		6D53956C27DB628F00CE3C35 /* Networking */ = {
			isa = PBXGroup;
			children = (
				6D53957627DB6B0500CE3C35 /* Endpoint.swift */,
				6D53957827DB6BEA00CE3C35 /* API.swift */,
				6D53957C27DB77D500CE3C35 /* Result.swift */,
				6D53957E27DB783200CE3C35 /* APIError.swift */,
				6D53958027DB79FA00CE3C35 /* APIClient.swift */,
				6DDB8DAB27E065F000E2F6B5 /* PixelsClient.swift */,
				6DDB8DB327E07C9A00E2F6B5 /* ImageLoader.swift */,
			);
			path = Networking;
			sourceTree = "<group>";
		};
		6D53956D27DB62E100CE3C35 /* SupportFiles */ = {
			isa = PBXGroup;
			children = (
				6D53955627DB606400CE3C35 /* SceneDelegate.swift */,
				6D53955427DB606400CE3C35 /* AppDelegate.swift */,
				6D53955D27DB606400CE3C35 /* Assets.xcassets */,
				6D53955F27DB606400CE3C35 /* LaunchScreen.storyboard */,
			);
			name = SupportFiles;
			sourceTree = "<group>";
		};
/* End PBXGroup section */

/* Begin PBXNativeTarget section */
		6D53955027DB606400CE3C35 /* PhotoAPI */ = {
			isa = PBXNativeTarget;
			buildConfigurationList = 6D53956527DB606400CE3C35 /* Build configuration list for PBXNativeTarget "PhotoAPI" */;
			buildPhases = (
				6D53954D27DB606400CE3C35 /* Sources */,
				6D53954E27DB606400CE3C35 /* Frameworks */,
				6D53954F27DB606400CE3C35 /* Resources */,
			);
			buildRules = (
			);
			dependencies = (
			);
			name = PhotoAPI;
			productName = PhotoAPI;
			productReference = 6D53955127DB606400CE3C35 /* PhotoAPI.app */;
			productType = "com.apple.product-type.application";
		};
/* End PBXNativeTarget section */

/* Begin PBXProject section */
		6D53954927DB606400CE3C35 /* Project object */ = {
			isa = PBXProject;
			attributes = {
				BuildIndependentTargetsInParallel = 1;
				LastSwiftUpdateCheck = 1320;
				LastUpgradeCheck = 1320;
				TargetAttributes = {
					6D53955027DB606400CE3C35 = {
						CreatedOnToolsVersion = 13.2.1;
					};
				};
			};
			buildConfigurationList = 6D53954C27DB606400CE3C35 /* Build configuration list for PBXProject "PhotoAPI" */;
			compatibilityVersion = "Xcode 13.0";
			developmentRegion = en;
			hasScannedForEncodings = 0;
			knownRegions = (
				en,
				Base,
			);
			mainGroup = 6D53954827DB606400CE3C35;
			productRefGroup = 6D53955227DB606400CE3C35 /* Products */;
			projectDirPath = "";
			projectRoot = "";
			targets = (
				6D53955027DB606400CE3C35 /* PhotoAPI */,
			);
		};
/* End PBXProject section */

/* Begin PBXResourcesBuildPhase section */
		6D53954F27DB606400CE3C35 /* Resources */ = {
			isa = PBXResourcesBuildPhase;
			buildActionMask = 2147483647;
			files = (
				6D53956127DB606400CE3C35 /* LaunchScreen.storyboard in Resources */,
				6D53955E27DB606400CE3C35 /* Assets.xcassets in Resources */,
			);
			runOnlyForDeploymentPostprocessing = 0;
		};
/* End PBXResourcesBuildPhase section */

/* Begin PBXSourcesBuildPhase section */
		6D53954D27DB606400CE3C35 /* Sources */ = {
			isa = PBXSourcesBuildPhase;
			buildActionMask = 2147483647;
			files = (
				6DDB8DAC27E065F000E2F6B5 /* PixelsClient.swift in Sources */,
				6D53957727DB6B0500CE3C35 /* Endpoint.swift in Sources */,
				6D53955527DB606400CE3C35 /* AppDelegate.swift in Sources */,
				6D53957127DB68B400CE3C35 /* PhotoFeedResult.swift in Sources */,
				6DDB8DB227E0719200E2F6B5 /* PhotoCell.swift in Sources */,
				6D53955727DB606400CE3C35 /* SceneDelegate.swift in Sources */,
				6D53957527DB6A4800CE3C35 /* PhotoSize.swift in Sources */,
				6D53956F27DB633300CE3C35 /* HomeViewController.swift in Sources */,
				6D53957D27DB77D500CE3C35 /* Result.swift in Sources */,
				6DDB8DB627E0855200E2F6B5 /* DetailViewController.swift in Sources */,
				6D53957B27DB6E7A00CE3C35 /* PhotoFeed.swift in Sources */,
				6D53957927DB6BEA00CE3C35 /* API.swift in Sources */,
				6DDB8DB427E07C9A00E2F6B5 /* ImageLoader.swift in Sources */,
				6D53957327DB693300CE3C35 /* Photo.swift in Sources */,
				6D53957F27DB783200CE3C35 /* APIError.swift in Sources */,
				6D53958127DB79FA00CE3C35 /* APIClient.swift in Sources */,
				6DDB8DAE27E0691E00E2F6B5 /* PhotoListViewModel.swift in Sources */,
				6DDB8DB027E06D7300E2F6B5 /* PhotoListView.swift in Sources */,
			);
			runOnlyForDeploymentPostprocessing = 0;
		};
/* End PBXSourcesBuildPhase section */

/* Begin PBXVariantGroup section */
		6D53955F27DB606400CE3C35 /* LaunchScreen.storyboard */ = {
			isa = PBXVariantGroup;
			children = (
				6D53956027DB606400CE3C35 /* Base */,
			);
			name = LaunchScreen.storyboard;
			sourceTree = "<group>";
		};
/* End PBXVariantGroup section */

/* Begin XCBuildConfiguration section */
		6D53956327DB606400CE3C35 /* Debug */ = {
			isa = XCBuildConfiguration;
			buildSettings = {
				ALWAYS_SEARCH_USER_PATHS = NO;
				CLANG_ANALYZER_NONNULL = YES;
				CLANG_ANALYZER_NUMBER_OBJECT_CONVERSION = YES_AGGRESSIVE;
				CLANG_CXX_LANGUAGE_STANDARD = "gnu++17";
				CLANG_CXX_LIBRARY = "libc++";
				CLANG_ENABLE_MODULES = YES;
				CLANG_ENABLE_OBJC_ARC = YES;
				CLANG_ENABLE_OBJC_WEAK = YES;
				CLANG_WARN_BLOCK_CAPTURE_AUTORELEASING = YES;
				CLANG_WARN_BOOL_CONVERSION = YES;
				CLANG_WARN_COMMA = YES;
				CLANG_WARN_CONSTANT_CONVERSION = YES;
				CLANG_WARN_DEPRECATED_OBJC_IMPLEMENTATIONS = YES;
				CLANG_WARN_DIRECT_OBJC_ISA_USAGE = YES_ERROR;
				CLANG_WARN_DOCUMENTATION_COMMENTS = YES;
				CLANG_WARN_EMPTY_BODY = YES;
				CLANG_WARN_ENUM_CONVERSION = YES;
				CLANG_WARN_INFINITE_RECURSION = YES;
				CLANG_WARN_INT_CONVERSION = YES;
				CLANG_WARN_NON_LITERAL_NULL_CONVERSION = YES;
				CLANG_WARN_OBJC_IMPLICIT_RETAIN_SELF = YES;
				CLANG_WARN_OBJC_LITERAL_CONVERSION = YES;
				CLANG_WARN_OBJC_ROOT_CLASS = YES_ERROR;
				CLANG_WARN_QUOTED_INCLUDE_IN_FRAMEWORK_HEADER = YES;
				CLANG_WARN_RANGE_LOOP_ANALYSIS = YES;
				CLANG_WARN_STRICT_PROTOTYPES = YES;
				CLANG_WARN_SUSPICIOUS_MOVE = YES;
				CLANG_WARN_UNGUARDED_AVAILABILITY = YES_AGGRESSIVE;
				CLANG_WARN_UNREACHABLE_CODE = YES;
				CLANG_WARN__DUPLICATE_METHOD_MATCH = YES;
				COPY_PHASE_STRIP = NO;
				DEBUG_INFORMATION_FORMAT = dwarf;
				ENABLE_STRICT_OBJC_MSGSEND = YES;
				ENABLE_TESTABILITY = YES;
				GCC_C_LANGUAGE_STANDARD = gnu11;
				GCC_DYNAMIC_NO_PIC = NO;
				GCC_NO_COMMON_BLOCKS = YES;
				GCC_OPTIMIZATION_LEVEL = 0;
				GCC_PREPROCESSOR_DEFINITIONS = (
					"DEBUG=1",
					"$(inherited)",
				);
				GCC_WARN_64_TO_32_BIT_CONVERSION = YES;
				GCC_WARN_ABOUT_RETURN_TYPE = YES_ERROR;
				GCC_WARN_UNDECLARED_SELECTOR = YES;
				GCC_WARN_UNINITIALIZED_AUTOS = YES_AGGRESSIVE;
				GCC_WARN_UNUSED_FUNCTION = YES;
				GCC_WARN_UNUSED_VARIABLE = YES;
				IPHONEOS_DEPLOYMENT_TARGET = 15.2;
				MTL_ENABLE_DEBUG_INFO = INCLUDE_SOURCE;
				MTL_FAST_MATH = YES;
				ONLY_ACTIVE_ARCH = YES;
				SDKROOT = iphoneos;
				SWIFT_ACTIVE_COMPILATION_CONDITIONS = DEBUG;
				SWIFT_OPTIMIZATION_LEVEL = "-Onone";
			};
			name = Debug;
		};
		6D53956427DB606400CE3C35 /* Release */ = {
			isa = XCBuildConfiguration;
			buildSettings = {
				ALWAYS_SEARCH_USER_PATHS = NO;
				CLANG_ANALYZER_NONNULL = YES;
				CLANG_ANALYZER_NUMBER_OBJECT_CONVERSION = YES_AGGRESSIVE;
				CLANG_CXX_LANGUAGE_STANDARD = "gnu++17";
				CLANG_CXX_LIBRARY = "libc++";
				CLANG_ENABLE_MODULES = YES;
				CLANG_ENABLE_OBJC_ARC = YES;
				CLANG_ENABLE_OBJC_WEAK = YES;
				CLANG_WARN_BLOCK_CAPTURE_AUTORELEASING = YES;
				CLANG_WARN_BOOL_CONVERSION = YES;
				CLANG_WARN_COMMA = YES;
				CLANG_WARN_CONSTANT_CONVERSION = YES;
				CLANG_WARN_DEPRECATED_OBJC_IMPLEMENTATIONS = YES;
				CLANG_WARN_DIRECT_OBJC_ISA_USAGE = YES_ERROR;
				CLANG_WARN_DOCUMENTATION_COMMENTS = YES;
				CLANG_WARN_EMPTY_BODY = YES;
				CLANG_WARN_ENUM_CONVERSION = YES;
				CLANG_WARN_INFINITE_RECURSION = YES;
				CLANG_WARN_INT_CONVERSION = YES;
				CLANG_WARN_NON_LITERAL_NULL_CONVERSION = YES;
				CLANG_WARN_OBJC_IMPLICIT_RETAIN_SELF = YES;
				CLANG_WARN_OBJC_LITERAL_CONVERSION = YES;
				CLANG_WARN_OBJC_ROOT_CLASS = YES_ERROR;
				CLANG_WARN_QUOTED_INCLUDE_IN_FRAMEWORK_HEADER = YES;
				CLANG_WARN_RANGE_LOOP_ANALYSIS = YES;
				CLANG_WARN_STRICT_PROTOTYPES = YES;
				CLANG_WARN_SUSPICIOUS_MOVE = YES;
				CLANG_WARN_UNGUARDED_AVAILABILITY = YES_AGGRESSIVE;
				CLANG_WARN_UNREACHABLE_CODE = YES;
				CLANG_WARN__DUPLICATE_METHOD_MATCH = YES;
				COPY_PHASE_STRIP = NO;
				DEBUG_INFORMATION_FORMAT = "dwarf-with-dsym";
				ENABLE_NS_ASSERTIONS = NO;
				ENABLE_STRICT_OBJC_MSGSEND = YES;
				GCC_C_LANGUAGE_STANDARD = gnu11;
				GCC_NO_COMMON_BLOCKS = YES;
				GCC_WARN_64_TO_32_BIT_CONVERSION = YES;
				GCC_WARN_ABOUT_RETURN_TYPE = YES_ERROR;
				GCC_WARN_UNDECLARED_SELECTOR = YES;
				GCC_WARN_UNINITIALIZED_AUTOS = YES_AGGRESSIVE;
				GCC_WARN_UNUSED_FUNCTION = YES;
				GCC_WARN_UNUSED_VARIABLE = YES;
				IPHONEOS_DEPLOYMENT_TARGET = 15.2;
				MTL_ENABLE_DEBUG_INFO = NO;
				MTL_FAST_MATH = YES;
				SDKROOT = iphoneos;
				SWIFT_COMPILATION_MODE = wholemodule;
				SWIFT_OPTIMIZATION_LEVEL = "-O";
				VALIDATE_PRODUCT = YES;
			};
			name = Release;
		};
		6D53956627DB606400CE3C35 /* Debug */ = {
			isa = XCBuildConfiguration;
			buildSettings = {
				ASSETCATALOG_COMPILER_APPICON_NAME = AppIcon;
				ASSETCATALOG_COMPILER_GLOBAL_ACCENT_COLOR_NAME = AccentColor;
				CODE_SIGN_STYLE = Automatic;
				CURRENT_PROJECT_VERSION = 1;
				DEVELOPMENT_TEAM = RPW8TWDW83;
				GENERATE_INFOPLIST_FILE = YES;
				INFOPLIST_FILE = PhotoAPI/Info.plist;
				INFOPLIST_KEY_UIApplicationSupportsIndirectInputEvents = YES;
				INFOPLIST_KEY_UILaunchStoryboardName = LaunchScreen;
				INFOPLIST_KEY_UISupportedInterfaceOrientations_iPad = "UIInterfaceOrientationPortrait UIInterfaceOrientationPortraitUpsideDown UIInterfaceOrientationLandscapeLeft UIInterfaceOrientationLandscapeRight";
				INFOPLIST_KEY_UISupportedInterfaceOrientations_iPhone = "UIInterfaceOrientationPortrait UIInterfaceOrientationLandscapeLeft UIInterfaceOrientationLandscapeRight";
				LD_RUNPATH_SEARCH_PATHS = (
					"$(inherited)",
					"@executable_path/Frameworks",
				);
				MARKETING_VERSION = 1.0;
				PRODUCT_BUNDLE_IDENTIFIER = MaiorovMaksim.PhotoAPI;
				PRODUCT_NAME = "$(TARGET_NAME)";
				SWIFT_EMIT_LOC_STRINGS = YES;
				SWIFT_VERSION = 5.0;
				TARGETED_DEVICE_FAMILY = "1,2";
			};
			name = Debug;
		};
		6D53956727DB606400CE3C35 /* Release */ = {
			isa = XCBuildConfiguration;
			buildSettings = {
				ASSETCATALOG_COMPILER_APPICON_NAME = AppIcon;
				ASSETCATALOG_COMPILER_GLOBAL_ACCENT_COLOR_NAME = AccentColor;
				CODE_SIGN_STYLE = Automatic;
				CURRENT_PROJECT_VERSION = 1;
				DEVELOPMENT_TEAM = RPW8TWDW83;
				GENERATE_INFOPLIST_FILE = YES;
				INFOPLIST_FILE = PhotoAPI/Info.plist;
				INFOPLIST_KEY_UIApplicationSupportsIndirectInputEvents = YES;
				INFOPLIST_KEY_UILaunchStoryboardName = LaunchScreen;
				INFOPLIST_KEY_UISupportedInterfaceOrientations_iPad = "UIInterfaceOrientationPortrait UIInterfaceOrientationPortraitUpsideDown UIInterfaceOrientationLandscapeLeft UIInterfaceOrientationLandscapeRight";
				INFOPLIST_KEY_UISupportedInterfaceOrientations_iPhone = "UIInterfaceOrientationPortrait UIInterfaceOrientationLandscapeLeft UIInterfaceOrientationLandscapeRight";
				LD_RUNPATH_SEARCH_PATHS = (
					"$(inherited)",
					"@executable_path/Frameworks",
				);
				MARKETING_VERSION = 1.0;
				PRODUCT_BUNDLE_IDENTIFIER = MaiorovMaksim.PhotoAPI;
				PRODUCT_NAME = "$(TARGET_NAME)";
				SWIFT_EMIT_LOC_STRINGS = YES;
				SWIFT_VERSION = 5.0;
				TARGETED_DEVICE_FAMILY = "1,2";
			};
			name = Release;
		};
/* End XCBuildConfiguration section */

/* Begin XCConfigurationList section */
		6D53954C27DB606400CE3C35 /* Build configuration list for PBXProject "PhotoAPI" */ = {
			isa = XCConfigurationList;
			buildConfigurations = (
				6D53956327DB606400CE3C35 /* Debug */,
				6D53956427DB606400CE3C35 /* Release */,
			);
			defaultConfigurationIsVisible = 0;
			defaultConfigurationName = Release;
		};
		6D53956527DB606400CE3C35 /* Build configuration list for PBXNativeTarget "PhotoAPI" */ = {
			isa = XCConfigurationList;
			buildConfigurations = (
				6D53956627DB606400CE3C35 /* Debug */,
				6D53956727DB606400CE3C35 /* Release */,
			);
			defaultConfigurationIsVisible = 0;
			defaultConfigurationName = Release;
		};
/* End XCConfigurationList section */
	};
	rootObject = 6D53954927DB606400CE3C35 /* Project object */;
}
